
Microsoft Visual Studio Solution File, Format Version 12.00
# Visual Studio 2013
VisualStudioVersion = 12.0.31101.0
MinimumVisualStudioVersion = 10.0.40219.1
Project("{FAE04EC0-301F-11D3-BF4B-00C04F79EFBC}") = "EighthBit.Trie", "EighthBit.Trie.csproj", "{611CB9BE-999A-47A5-89CC-A55ED9540B28}"
EndProject
Project("{FAE04EC0-301F-11D3-BF4B-00C04F79EFBC}") = "EighthBit.Trie.Tests", "..\EighthBit.Trie.Tests\EighthBit.Trie.Tests.csproj", "{B291B2BB-65D1-4C74-BF16-6F44FB5AADB5}"
EndProject
Global
	GlobalSection(SolutionConfigurationPlatforms) = preSolution
		Debug|Any CPU = Debug|Any CPU
		Release|Any CPU = Release|Any CPU
	EndGlobalSection
	GlobalSection(ProjectConfigurationPlatforms) = postSolution
		{611CB9BE-999A-47A5-89CC-A55ED9540B28}.Debug|Any CPU.ActiveCfg = Debug|Any CPU
		{611CB9BE-999A-47A5-89CC-A55ED9540B28}.Debug|Any CPU.Build.0 = Debug|Any CPU
		{611CB9BE-999A-47A5-89CC-A55ED9540B28}.Release|Any CPU.ActiveCfg = Release|Any CPU
		{611CB9BE-999A-47A5-89CC-A55ED9540B28}.Release|Any CPU.Build.0 = Release|Any CPU
		{B291B2BB-65D1-4C74-BF16-6F44FB5AADB5}.Debug|Any CPU.ActiveCfg = Debug|Any CPU
		{B291B2BB-65D1-4C74-BF16-6F44FB5AADB5}.Debug|Any CPU.Build.0 = Debug|Any CPU
		{B291B2BB-65D1-4C74-BF16-6F44FB5AADB5}.Release|Any CPU.ActiveCfg = Release|Any CPU
		{B291B2BB-65D1-4C74-BF16-6F44FB5AADB5}.Release|Any CPU.Build.0 = Release|Any CPU
	EndGlobalSection
	GlobalSection(SolutionProperties) = preSolution
		HideSolutionNode = FALSE
	EndGlobalSection
EndGlobal
